// !$*UTF8*$!
{
	archiveVersion = 1;
	classes = {
	};
	objectVersion = 77;
	objects = {

/* Begin PBXBuildFile section */
		1532BCA22FD9E0F40070903A /* ARCoreAugmentedFaces in Frameworks */ = {isa = PBXBuildFile; productRef = 1532BCA12FD9E0F40070903A /* ARCoreAugmentedFaces */; };
		1532BCA42FD9E0F40070903A /* ARCoreCloudAnchors in Frameworks */ = {isa = PBXBuildFile; productRef = 1532BCA32FD9E0F40070903A /* ARCoreCloudAnchors */; };
		1532BCA62FD9E0F40070903A /* ARCoreGARSession in Frameworks */ = {isa = PBXBuildFile; productRef = 1532BCA52FD9E0F40070903A /* ARCoreGARSession */; };
		1532BCA82FD9E0F40070903A /* ARCoreGeospatial in Frameworks */ = {isa = PBXBuildFile; productRef = 1532BCA72FD9E0F40070903A /* ARCoreGeospatial */; };
		1532BCAA2FD9E0F40070903A /* ARCoreSemantics in Frameworks */ = {isa = PBXBuildFile; productRef = 1532BCA92FD9E0F40070903A /* ARCoreSemantics */; };
/* End PBXBuildFile section */

/* Begin PBXContainerItemProxy section */
		15C5BE662DB9562400D36E75 /* PBXContainerItemProxy */ = {
			isa = PBXContainerItemProxy;
			containerPortal = 15C5BE4B2DB9562300D36E75 /* Project object */;
			proxyType = 1;
			remoteGlobalIDString = 15C5BE522DB9562300D36E75;
			remoteInfo = GeoTestARScene;
		};
		15C5BE702DB9562400D36E75 /* PBXContainerItemProxy */ = {
			isa = PBXContainerItemProxy;
			containerPortal = 15C5BE4B2DB9562300D36E75 /* Project object */;
			proxyType = 1;
			remoteGlobalIDString = 15C5BE522DB9562300D36E75;
			remoteInfo = GeoTestARScene;
		};
/* End PBXContainerItemProxy section */

/* Begin PBXFileReference section */
		15C5BE532DB9562300D36E75 /* GeoTestARScene.app */ = {isa = PBXFileReference; explicitFileType = wrapper.application; includeInIndex = 0; path = GeoTestARScene.app; sourceTree = BUILT_PRODUCTS_DIR; };
		15C5BE652DB9562400D36E75 /* GeoTestARSceneTests.xctest */ = {isa = PBXFileReference; explicitFileType = wrapper.cfbundle; includeInIndex = 0; path = GeoTestARSceneTests.xctest; sourceTree = BUILT_PRODUCTS_DIR; };
		15C5BE6F2DB9562400D36E75 /* GeoTestARSceneUITests.xctest */ = {isa = PBXFileReference; explicitFileType = wrapper.cfbundle; includeInIndex = 0; path = GeoTestARSceneUITests.xctest; sourceTree = BUILT_PRODUCTS_DIR; };
/* End PBXFileReference section */

/* Begin PBXFileSystemSynchronizedRootGroup section */
		15C5BE552DB9562300D36E75 /* GeoTestARScene */ = {
			isa = PBXFileSystemSynchronizedRootGroup;
			path = GeoTestARScene;
			sourceTree = "<group>";
		};
		15C5BE682DB9562400D36E75 /* GeoTestARSceneTests */ = {
			isa = PBXFileSystemSynchronizedRootGroup;
			path = GeoTestARSceneTests;
			sourceTree = "<group>";
		};
		15C5BE722DB9562400D36E75 /* GeoTestARSceneUITests */ = {
			isa = PBXFileSystemSynchronizedRootGroup;
			path = GeoTestARSceneUITests;
			sourceTree = "<group>";
		};
/* End PBXFileSystemSynchronizedRootGroup section */

/* Begin PBXFrameworksBuildPhase section */
		15C5BE502DB9562300D36E75 /* Frameworks */ = {
			isa = PBXFrameworksBuildPhase;
			buildActionMask = 2147483647;
			files = (
				1532BCA62FD9E0F40070903A /* ARCoreGARSession in Frameworks */,
				1532BCA82FD9E0F40070903A /* ARCoreGeospatial in Frameworks */,
				1532BCA22FD9E0F40070903A /* ARCoreAugmentedFaces in Frameworks */,
				1532BCA42FD9E0F40070903A /* ARCoreCloudAnchors in Frameworks */,
				1532BCAA2FD9E0F40070903A /* ARCoreSemantics in Frameworks */,
			);
			runOnlyForDeploymentPostprocessing = 0;
		};
		15C5BE622DB9562400D36E75 /* Frameworks */ = {
			isa = PBXFrameworksBuildPhase;
			buildActionMask = 2147483647;
			files = (
			);
			runOnlyForDeploymentPostprocessing = 0;
		};
		15C5BE6C2DB9562400D36E75 /* Frameworks */ = {
			isa = PBXFrameworksBuildPhase;
			buildActionMask = 2147483647;
			files = (
			);
			runOnlyForDeploymentPostprocessing = 0;
		};
/* End PBXFrameworksBuildPhase section */

/* Begin PBXGroup section */
		15C5BE4A2DB9562300D36E75 = {
			isa = PBXGroup;
			children = (
				15C5BE552DB9562300D36E75 /* GeoTestARScene */,
				15C5BE682DB9562400D36E75 /* GeoTestARSceneTests */,
				15C5BE722DB9562400D36E75 /* GeoTestARSceneUITests */,
				15C5BE542DB9562300D36E75 /* Products */,
			);
			sourceTree = "<group>";
		};
		15C5BE542DB9562300D36E75 /* Products */ = {
			isa = PBXGroup;
			children = (
				15C5BE532DB9562300D36E75 /* GeoTestARScene.app */,
				15C5BE652DB9562400D36E75 /* GeoTestARSceneTests.xctest */,
				15C5BE6F2DB9562400D36E75 /* GeoTestARSceneUITests.xctest */,
			);
			name = Products;
			sourceTree = "<group>";
		};
/* End PBXGroup section */

/* Begin PBXNativeTarget section */
		15C5BE522DB9562300D36E75 /* GeoTestARScene */ = {
			isa = PBXNativeTarget;
			buildConfigurationList = 15C5BE792DB9562400D36E75 /* Build configuration list for PBXNativeTarget "GeoTestARScene" */;
			buildPhases = (
				15C5BE4F2DB9562300D36E75 /* Sources */,
				15C5BE502DB9562300D36E75 /* Frameworks */,
				BEEFCAFE2DB9562300D36E75 /* Copy shared data from webgl-component */,
				15C5BE512DB9562300D36E75 /* Resources */,
			);
			buildRules = (
			);
			dependencies = (
			);
			fileSystemSynchronizedGroups = (
				15C5BE552DB9562300D36E75 /* GeoTestARScene */,
			);
			name = GeoTestARScene;
			packageProductDependencies = (
				1532BCA12FD9E0F40070903A /* ARCoreAugmentedFaces */,
				1532BCA32FD9E0F40070903A /* ARCoreCloudAnchors */,
				1532BCA52FD9E0F40070903A /* ARCoreGARSession */,
				1532BCA72FD9E0F40070903A /* ARCoreGeospatial */,
				1532BCA92FD9E0F40070903A /* ARCoreSemantics */,
			);
			productName = GeoTestARScene;
			productReference = 15C5BE532DB9562300D36E75 /* GeoTestARScene.app */;
			productType = "com.apple.product-type.application";
		};
		15C5BE642DB9562400D36E75 /* GeoTestARSceneTests */ = {
			isa = PBXNativeTarget;
			buildConfigurationList = 15C5BE7C2DB9562400D36E75 /* Build configuration list for PBXNativeTarget "GeoTestARSceneTests" */;
			buildPhases = (
				15C5BE612DB9562400D36E75 /* Sources */,
				15C5BE622DB9562400D36E75 /* Frameworks */,
				15C5BE632DB9562400D36E75 /* Resources */,
			);
			buildRules = (
			);
			dependencies = (
				15C5BE672DB9562400D36E75 /* PBXTargetDependency */,
			);
			fileSystemSynchronizedGroups = (
				15C5BE682DB9562400D36E75 /* GeoTestARSceneTests */,
			);
			name = GeoTestARSceneTests;
			packageProductDependencies = (
			);
			productName = GeoTestARSceneTests;
			productReference = 15C5BE652DB9562400D36E75 /* GeoTestARSceneTests.xctest */;
			productType = "com.apple.product-type.bundle.unit-test";
		};
		15C5BE6E2DB9562400D36E75 /* GeoTestARSceneUITests */ = {
			isa = PBXNativeTarget;
			buildConfigurationList = 15C5BE7F2DB9562400D36E75 /* Build configuration list for PBXNativeTarget "GeoTestARSceneUITests" */;
			buildPhases = (
				15C5BE6B2DB9562400D36E75 /* Sources */,
				15C5BE6C2DB9562400D36E75 /* Frameworks */,
				15C5BE6D2DB9562400D36E75 /* Resources */,
			);
			buildRules = (
			);
			dependencies = (
				15C5BE712DB9562400D36E75 /* PBXTargetDependency */,
			);
			fileSystemSynchronizedGroups = (
				15C5BE722DB9562400D36E75 /* GeoTestARSceneUITests */,
			);
			name = GeoTestARSceneUITests;
			packageProductDependencies = (
			);
			productName = GeoTestARSceneUITests;
			productReference = 15C5BE6F2DB9562400D36E75 /* GeoTestARSceneUITests.xctest */;
			productType = "com.apple.product-type.bundle.ui-testing";
		};
/* End PBXNativeTarget section */

/* Begin PBXProject section */
		15C5BE4B2DB9562300D36E75 /* Project object */ = {
			isa = PBXProject;
			attributes = {
				BuildIndependentTargetsInParallel = 1;
				LastSwiftUpdateCheck = 1610;
				LastUpgradeCheck = 1610;
				TargetAttributes = {
					15C5BE522DB9562300D36E75 = {
						CreatedOnToolsVersion = 16.1;
					};
					15C5BE642DB9562400D36E75 = {
						CreatedOnToolsVersion = 16.1;
						TestTargetID = 15C5BE522DB9562300D36E75;
					};
					15C5BE6E2DB9562400D36E75 = {
						CreatedOnToolsVersion = 16.1;
						TestTargetID = 15C5BE522DB9562300D36E75;
					};
				};
			};
			buildConfigurationList = 15C5BE4E2DB9562300D36E75 /* Build configuration list for PBXProject "GeoTestARScene" */;
			developmentRegion = en;
			hasScannedForEncodings = 0;
			knownRegions = (
				en,
				Base,
			);
			mainGroup = 15C5BE4A2DB9562300D36E75;
			minimizedProjectReferenceProxies = 1;
			packageReferences = (
				154F88192FBDE33C00C46EE4 /* XCRemoteSwiftPackageReference "arcore-ios-sdk" */,
			);
			preferredProjectObjectVersion = 77;
			productRefGroup = 15C5BE542DB9562300D36E75 /* Products */;
			projectDirPath = "";
			projectRoot = "";
			targets = (
				15C5BE522DB9562300D36E75 /* GeoTestARScene */,
				15C5BE642DB9562400D36E75 /* GeoTestARSceneTests */,
				15C5BE6E2DB9562400D36E75 /* GeoTestARSceneUITests */,
			);
		};
/* End PBXProject section */

/* Begin PBXResourcesBuildPhase section */
		15C5BE512DB9562300D36E75 /* Resources */ = {
			isa = PBXResourcesBuildPhase;
			buildActionMask = 2147483647;
			files = (
			);
			runOnlyForDeploymentPostprocessing = 0;
		};
		15C5BE632DB9562400D36E75 /* Resources */ = {
			isa = PBXResourcesBuildPhase;
			buildActionMask = 2147483647;
			files = (
			);
			runOnlyForDeploymentPostprocessing = 0;
		};
		15C5BE6D2DB9562400D36E75 /* Resources */ = {
			isa = PBXResourcesBuildPhase;
			buildActionMask = 2147483647;
			files = (
			);
			runOnlyForDeploymentPostprocessing = 0;
		};
/* End PBXResourcesBuildPhase section */

/* Begin PBXShellScriptBuildPhase section */
		BEEFCAFE2DB9562300D36E75 /* Copy shared data from webgl-component */ = {
			isa = PBXShellScriptBuildPhase;
			alwaysOutOfDate = 1;
			buildActionMask = 2147483647;
			files = (
			);
			inputFileListPaths = (
			);
			inputPaths = (
			);
			name = "Copy shared data from webgl-component";
			outputFileListPaths = (
			);
			outputPaths = (
			);
			runOnlyForDeploymentPostprocessing = 0;
			shellPath = /bin/sh;
			shellScript = "set -e\nSRC=\"${SRCROOT}/../webgl-component\"\nDST=\"${BUILT_PRODUCTS_DIR}/${UNLOCALIZED_RESOURCES_FOLDER_PATH}/Models\"\nmkdir -p \"$DST\"\ncp \"$SRC/models_to_place.json\" \"$DST/\"\ncp -R \"$SRC/skypath_models/\"*.glb \"$DST/\"\n";
		};
/* End PBXShellScriptBuildPhase section */

/* Begin PBXSourcesBuildPhase section */
		15C5BE4F2DB9562300D36E75 /* Sources */ = {
			isa = PBXSourcesBuildPhase;
			buildActionMask = 2147483647;
			files = (
			);
			runOnlyForDeploymentPostprocessing = 0;
		};
		15C5BE612DB9562400D36E75 /* Sources */ = {
			isa = PBXSourcesBuildPhase;
			buildActionMask = 2147483647;
			files = (
			);
			runOnlyForDeploymentPostprocessing = 0;
		};
		15C5BE6B2DB9562400D36E75 /* Sources */ = {
			isa = PBXSourcesBuildPhase;
			buildActionMask = 2147483647;
			files = (
			);
			runOnlyForDeploymentPostprocessing = 0;
		};
/* End PBXSourcesBuildPhase section */

/* Begin PBXTargetDependency section */
		15C5BE672DB9562400D36E75 /* PBXTargetDependency */ = {
			isa = PBXTargetDependency;
			target = 15C5BE522DB9562300D36E75 /* GeoTestARScene */;
			targetProxy = 15C5BE662DB9562400D36E75 /* PBXContainerItemProxy */;
		};
		15C5BE712DB9562400D36E75 /* PBXTargetDependency */ = {
			isa = PBXTargetDependency;
			target = 15C5BE522DB9562300D36E75 /* GeoTestARScene */;
			targetProxy = 15C5BE702DB9562400D36E75 /* PBXContainerItemProxy */;
		};
/* End PBXTargetDependency section */

/* Begin XCBuildConfiguration section */
		15C5BE772DB9562400D36E75 /* Debug */ = {
			isa = XCBuildConfiguration;
			buildSettings = {
				ALWAYS_SEARCH_USER_PATHS = NO;
				ASSETCATALOG_COMPILER_GENERATE_SWIFT_ASSET_SYMBOL_EXTENSIONS = YES;
				CLANG_ANALYZER_NONNULL = YES;
				CLANG_ANALYZER_NUMBER_OBJECT_CONVERSION = YES_AGGRESSIVE;
				CLANG_CXX_LANGUAGE_STANDARD = "gnu++20";
				CLANG_ENABLE_MODULES = YES;
				CLANG_ENABLE_OBJC_ARC = YES;
				CLANG_ENABLE_OBJC_WEAK = YES;
				CLANG_WARN_BLOCK_CAPTURE_AUTORELEASING = YES;
				CLANG_WARN_BOOL_CONVERSION = YES;
				CLANG_WARN_COMMA = YES;
				CLANG_WARN_CONSTANT_CONVERSION = YES;
				CLANG_WARN_DEPRECATED_OBJC_IMPLEMENTATIONS = YES;
				CLANG_WARN_DIRECT_OBJC_ISA_USAGE = YES_ERROR;
				CLANG_WARN_DOCUMENTATION_COMMENTS = YES;
				CLANG_WARN_EMPTY_BODY = YES;
				CLANG_WARN_ENUM_CONVERSION = YES;
				CLANG_WARN_INFINITE_RECURSION = YES;
				CLANG_WARN_INT_CONVERSION = YES;
				CLANG_WARN_NON_LITERAL_NULL_CONVERSION = YES;
				CLANG_WARN_OBJC_IMPLICIT_RETAIN_SELF = YES;
				CLANG_WARN_OBJC_LITERAL_CONVERSION = YES;
				CLANG_WARN_OBJC_ROOT_CLASS = YES_ERROR;
				CLANG_WARN_QUOTED_INCLUDE_IN_FRAMEWORK_HEADER = YES;
				CLANG_WARN_RANGE_LOOP_ANALYSIS = YES;
				CLANG_WARN_STRICT_PROTOTYPES = YES;
				CLANG_WARN_SUSPICIOUS_MOVE = YES;
				CLANG_WARN_UNGUARDED_AVAILABILITY = YES_AGGRESSIVE;
				CLANG_WARN_UNREACHABLE_CODE = YES;
				CLANG_WARN__DUPLICATE_METHOD_MATCH = YES;
				COPY_PHASE_STRIP = NO;
				DEBUG_INFORMATION_FORMAT = dwarf;
				ENABLE_STRICT_OBJC_MSGSEND = YES;
				ENABLE_TESTABILITY = YES;
				ENABLE_USER_SCRIPT_SANDBOXING = YES;
				GCC_C_LANGUAGE_STANDARD = gnu17;
				GCC_DYNAMIC_NO_PIC = NO;
				GCC_NO_COMMON_BLOCKS = YES;
				GCC_OPTIMIZATION_LEVEL = 0;
				GCC_PREPROCESSOR_DEFINITIONS = (
					"DEBUG=1",
					"$(inherited)",
				);
				GCC_WARN_64_TO_32_BIT_CONVERSION = YES;
				GCC_WARN_ABOUT_RETURN_TYPE = YES_ERROR;
				GCC_WARN_UNDECLARED_SELECTOR = YES;
				GCC_WARN_UNINITIALIZED_AUTOS = YES_AGGRESSIVE;
				GCC_WARN_UNUSED_FUNCTION = YES;
				GCC_WARN_UNUSED_VARIABLE = YES;
				IPHONEOS_DEPLOYMENT_TARGET = 18.0;
				LOCALIZATION_PREFERS_STRING_CATALOGS = YES;
				MTL_ENABLE_DEBUG_INFO = INCLUDE_SOURCE;
				MTL_FAST_MATH = YES;
				ONLY_ACTIVE_ARCH = YES;
				SDKROOT = iphoneos;
				SWIFT_ACTIVE_COMPILATION_CONDITIONS = "DEBUG $(inherited)";
				SWIFT_OPTIMIZATION_LEVEL = "-Onone";
			};
			name = Debug;
		};
		15C5BE782DB9562400D36E75 /* Release */ = {
			isa = XCBuildConfiguration;
			buildSettings = {
				ALWAYS_SEARCH_USER_PATHS = NO;
				ASSETCATALOG_COMPILER_GENERATE_SWIFT_ASSET_SYMBOL_EXTENSIONS = YES;
				CLANG_ANALYZER_NONNULL = YES;
				CLANG_ANALYZER_NUMBER_OBJECT_CONVERSION = YES_AGGRESSIVE;
				CLANG_CXX_LANGUAGE_STANDARD = "gnu++20";
				CLANG_ENABLE_MODULES = YES;
				CLANG_ENABLE_OBJC_ARC = YES;
				CLANG_ENABLE_OBJC_WEAK = YES;
				CLANG_WARN_BLOCK_CAPTURE_AUTORELEASING = YES;
				CLANG_WARN_BOOL_CONVERSION = YES;
				CLANG_WARN_COMMA = YES;
				CLANG_WARN_CONSTANT_CONVERSION = YES;
				CLANG_WARN_DEPRECATED_OBJC_IMPLEMENTATIONS = YES;
				CLANG_WARN_DIRECT_OBJC_ISA_USAGE = YES_ERROR;
				CLANG_WARN_DOCUMENTATION_COMMENTS = YES;
				CLANG_WARN_EMPTY_BODY = YES;
				CLANG_WARN_ENUM_CONVERSION = YES;
				CLANG_WARN_INFINITE_RECURSION = YES;
				CLANG_WARN_INT_CONVERSION = YES;
				CLANG_WARN_NON_LITERAL_NULL_CONVERSION = YES;
				CLANG_WARN_OBJC_IMPLICIT_RETAIN_SELF = YES;
				CLANG_WARN_OBJC_LITERAL_CONVERSION = YES;
				CLANG_WARN_OBJC_ROOT_CLASS = YES_ERROR;
				CLANG_WARN_QUOTED_INCLUDE_IN_FRAMEWORK_HEADER = YES;
				CLANG_WARN_RANGE_LOOP_ANALYSIS = YES;
				CLANG_WARN_STRICT_PROTOTYPES = YES;
				CLANG_WARN_SUSPICIOUS_MOVE = YES;
				CLANG_WARN_UNGUARDED_AVAILABILITY = YES_AGGRESSIVE;
				CLANG_WARN_UNREACHABLE_CODE = YES;
				CLANG_WARN__DUPLICATE_METHOD_MATCH = YES;
				COPY_PHASE_STRIP = NO;
				DEBUG_INFORMATION_FORMAT = "dwarf-with-dsym";
				ENABLE_NS_ASSERTIONS = NO;
				ENABLE_STRICT_OBJC_MSGSEND = YES;
				ENABLE_USER_SCRIPT_SANDBOXING = YES;
				GCC_C_LANGUAGE_STANDARD = gnu17;
				GCC_NO_COMMON_BLOCKS = YES;
				GCC_WARN_64_TO_32_BIT_CONVERSION = YES;
				GCC_WARN_ABOUT_RETURN_TYPE = YES_ERROR;
				GCC_WARN_UNDECLARED_SELECTOR = YES;
				GCC_WARN_UNINITIALIZED_AUTOS = YES_AGGRESSIVE;
				GCC_WARN_UNUSED_FUNCTION = YES;
				GCC_WARN_UNUSED_VARIABLE = YES;
				IPHONEOS_DEPLOYMENT_TARGET = 18.0;
				LOCALIZATION_PREFERS_STRING_CATALOGS = YES;
				MTL_ENABLE_DEBUG_INFO = NO;
				MTL_FAST_MATH = YES;
				SDKROOT = iphoneos;
				SWIFT_COMPILATION_MODE = wholemodule;
				VALIDATE_PRODUCT = YES;
			};
			name = Release;
		};
		15C5BE7A2DB9562400D36E75 /* Debug */ = {
			isa = XCBuildConfiguration;
			buildSettings = {
				ASSETCATALOG_COMPILER_APPICON_NAME = AppIcon;
				ASSETCATALOG_COMPILER_GLOBAL_ACCENT_COLOR_NAME = AccentColor;
				CODE_SIGN_STYLE = Automatic;
				CURRENT_PROJECT_VERSION = 1;
				DEVELOPMENT_TEAM = FU96NT58N5;
				GENERATE_INFOPLIST_FILE = YES;
				INFOPLIST_KEY_NSCameraUsageDescription = "This app requires camera access for AR experiences.";
				INFOPLIST_KEY_NSLocationAlwaysAndWhenInUseUsageDescription = "This app requires location access to place AR content in the real world.";
				INFOPLIST_KEY_NSLocationWhenInUseUsageDescription = "This app requires location access to place AR content in the real world.";
				INFOPLIST_KEY_UIApplicationSupportsIndirectInputEvents = YES;
				INFOPLIST_KEY_UILaunchStoryboardName = LaunchScreen.storyboard;
				INFOPLIST_KEY_UIMainStoryboardFile = Main;
				INFOPLIST_KEY_UIRequiredDeviceCapabilities = arkit;
				INFOPLIST_KEY_UIStatusBarHidden = YES;
				INFOPLIST_KEY_UISupportedInterfaceOrientations_iPad = "UIInterfaceOrientationPortrait UIInterfaceOrientationPortraitUpsideDown UIInterfaceOrientationLandscapeLeft UIInterfaceOrientationLandscapeRight";
				INFOPLIST_KEY_UISupportedInterfaceOrientations_iPhone = "UIInterfaceOrientationPortrait UIInterfaceOrientationLandscapeLeft UIInterfaceOrientationLandscapeRight";
				LD_RUNPATH_SEARCH_PATHS = (
					"$(inherited)",
					"@executable_path/Frameworks",
				);
				MARKETING_VERSION = 1.0;
				PRODUCT_BUNDLE_IDENTIFIER = com.ericbintner.GeoTestARScene;
				PRODUCT_NAME = "$(TARGET_NAME)";
				SWIFT_EMIT_LOC_STRINGS = YES;
				SWIFT_VERSION = 5.0;
				TARGETED_DEVICE_FAMILY = "1,2";
			};
			name = Debug;
		};
		15C5BE7B2DB9562400D36E75 /* Release */ = {
			isa = XCBuildConfiguration;
			buildSettings = {
				ASSETCATALOG_COMPILER_APPICON_NAME = AppIcon;
				ASSETCATALOG_COMPILER_GLOBAL_ACCENT_COLOR_NAME = AccentColor;
				CODE_SIGN_STYLE = Automatic;
				CURRENT_PROJECT_VERSION = 1;
				DEVELOPMENT_TEAM = FU96NT58N5;
				GENERATE_INFOPLIST_FILE = YES;
				INFOPLIST_KEY_NSCameraUsageDescription = "This app requires camera access for AR experiences.";
				INFOPLIST_KEY_NSLocationAlwaysAndWhenInUseUsageDescription = "This app requires location access to place AR content in the real world.";
				INFOPLIST_KEY_NSLocationWhenInUseUsageDescription = "This app requires location access to place AR content in the real world.";
				INFOPLIST_KEY_UIApplicationSupportsIndirectInputEvents = YES;
				INFOPLIST_KEY_UILaunchStoryboardName = LaunchScreen.storyboard;
				INFOPLIST_KEY_UIMainStoryboardFile = Main;
				INFOPLIST_KEY_UIRequiredDeviceCapabilities = arkit;
				INFOPLIST_KEY_UIStatusBarHidden = YES;
				INFOPLIST_KEY_UISupportedInterfaceOrientations_iPad = "UIInterfaceOrientationPortrait UIInterfaceOrientationPortraitUpsideDown UIInterfaceOrientationLandscapeLeft UIInterfaceOrientationLandscapeRight";
				INFOPLIST_KEY_UISupportedInterfaceOrientations_iPhone = "UIInterfaceOrientationPortrait UIInterfaceOrientationLandscapeLeft UIInterfaceOrientationLandscapeRight";
				LD_RUNPATH_SEARCH_PATHS = (
					"$(inherited)",
					"@executable_path/Frameworks",
				);
				MARKETING_VERSION = 1.0;
				PRODUCT_BUNDLE_IDENTIFIER = com.ericbintner.GeoTestARScene;
				PRODUCT_NAME = "$(TARGET_NAME)";
				SWIFT_EMIT_LOC_STRINGS = YES;
				SWIFT_VERSION = 5.0;
				TARGETED_DEVICE_FAMILY = "1,2";
			};
			name = Release;
		};
		15C5BE7D2DB9562400D36E75 /* Debug */ = {
			isa = XCBuildConfiguration;
			buildSettings = {
				BUNDLE_LOADER = "$(TEST_HOST)";
				CODE_SIGN_STYLE = Automatic;
				CURRENT_PROJECT_VERSION = 1;
				DEVELOPMENT_TEAM = FU96NT58N5;
				GENERATE_INFOPLIST_FILE = YES;
				IPHONEOS_DEPLOYMENT_TARGET = 18.0;
				MARKETING_VERSION = 1.0;
				PRODUCT_BUNDLE_IDENTIFIER = com.ericbintner.GeoTestARSceneTests;
				PRODUCT_NAME = "$(TARGET_NAME)";
				SWIFT_EMIT_LOC_STRINGS = NO;
				SWIFT_VERSION = 5.0;
				TARGETED_DEVICE_FAMILY = "1,2";
				TEST_HOST = "$(BUILT_PRODUCTS_DIR)/GeoTestARScene.app/$(BUNDLE_EXECUTABLE_FOLDER_PATH)/GeoTestARScene";
			};
			name = Debug;
		};
		15C5BE7E2DB9562400D36E75 /* Release */ = {
			isa = XCBuildConfiguration;
			buildSettings = {
				BUNDLE_LOADER = "$(TEST_HOST)";
				CODE_SIGN_STYLE = Automatic;
				CURRENT_PROJECT_VERSION = 1;
				DEVELOPMENT_TEAM = FU96NT58N5;
				GENERATE_INFOPLIST_FILE = YES;
				IPHONEOS_DEPLOYMENT_TARGET = 18.0;
				MARKETING_VERSION = 1.0;
				PRODUCT_BUNDLE_IDENTIFIER = com.ericbintner.GeoTestARSceneTests;
				PRODUCT_NAME = "$(TARGET_NAME)";
				SWIFT_EMIT_LOC_STRINGS = NO;
				SWIFT_VERSION = 5.0;
				TARGETED_DEVICE_FAMILY = "1,2";
				TEST_HOST = "$(BUILT_PRODUCTS_DIR)/GeoTestARScene.app/$(BUNDLE_EXECUTABLE_FOLDER_PATH)/GeoTestARScene";
			};
			name = Release;
		};
		15C5BE802DB9562400D36E75 /* Debug */ = {
			isa = XCBuildConfiguration;
			buildSettings = {
				CODE_SIGN_STYLE = Automatic;
				CURRENT_PROJECT_VERSION = 1;
				DEVELOPMENT_TEAM = FU96NT58N5;
				GENERATE_INFOPLIST_FILE = YES;
				MARKETING_VERSION = 1.0;
				PRODUCT_BUNDLE_IDENTIFIER = com.ericbintner.GeoTestARSceneUITests;
				PRODUCT_NAME = "$(TARGET_NAME)";
				SWIFT_EMIT_LOC_STRINGS = NO;
				SWIFT_VERSION = 5.0;
				TARGETED_DEVICE_FAMILY = "1,2";
				TEST_TARGET_NAME = GeoTestARScene;
			};
			name = Debug;
		};
		15C5BE812DB9562400D36E75 /* Release */ = {
			isa = XCBuildConfiguration;
			buildSettings = {
				CODE_SIGN_STYLE = Automatic;
				CURRENT_PROJECT_VERSION = 1;
				DEVELOPMENT_TEAM = FU96NT58N5;
				GENERATE_INFOPLIST_FILE = YES;
				MARKETING_VERSION = 1.0;
				PRODUCT_BUNDLE_IDENTIFIER = com.ericbintner.GeoTestARSceneUITests;
				PRODUCT_NAME = "$(TARGET_NAME)";
				SWIFT_EMIT_LOC_STRINGS = NO;
				SWIFT_VERSION = 5.0;
				TARGETED_DEVICE_FAMILY = "1,2";
				TEST_TARGET_NAME = GeoTestARScene;
			};
			name = Release;
		};
/* End XCBuildConfiguration section */

/* Begin XCConfigurationList section */
		15C5BE4E2DB9562300D36E75 /* Build configuration list for PBXProject "GeoTestARScene" */ = {
			isa = XCConfigurationList;
			buildConfigurations = (
				15C5BE772DB9562400D36E75 /* Debug */,
				15C5BE782DB9562400D36E75 /* Release */,
			);
			defaultConfigurationIsVisible = 0;
			defaultConfigurationName = Release;
		};
		15C5BE792DB9562400D36E75 /* Build configuration list for PBXNativeTarget "GeoTestARScene" */ = {
			isa = XCConfigurationList;
			buildConfigurations = (
				15C5BE7A2DB9562400D36E75 /* Debug */,
				15C5BE7B2DB9562400D36E75 /* Release */,
			);
			defaultConfigurationIsVisible = 0;
			defaultConfigurationName = Release;
		};
		15C5BE7C2DB9562400D36E75 /* Build configuration list for PBXNativeTarget "GeoTestARSceneTests" */ = {
			isa = XCConfigurationList;
			buildConfigurations = (
				15C5BE7D2DB9562400D36E75 /* Debug */,
				15C5BE7E2DB9562400D36E75 /* Release */,
			);
			defaultConfigurationIsVisible = 0;
			defaultConfigurationName = Release;
		};
		15C5BE7F2DB9562400D36E75 /* Build configuration list for PBXNativeTarget "GeoTestARSceneUITests" */ = {
			isa = XCConfigurationList;
			buildConfigurations = (
				15C5BE802DB9562400D36E75 /* Debug */,
				15C5BE812DB9562400D36E75 /* Release */,
			);
			defaultConfigurationIsVisible = 0;
			defaultConfigurationName = Release;
		};
/* End XCConfigurationList section */

/* Begin XCRemoteSwiftPackageReference section */
		154F88192FBDE33C00C46EE4 /* XCRemoteSwiftPackageReference "arcore-ios-sdk" */ = {
			isa = XCRemoteSwiftPackageReference;
			repositoryURL = "https://github.com/google-ar/arcore-ios-sdk";
			requirement = {
				kind = upToNextMajorVersion;
				minimumVersion = 1.54.0;
			};
		};
/* End XCRemoteSwiftPackageReference section */

/* Begin XCSwiftPackageProductDependency section */
		1532BCA12FD9E0F40070903A /* ARCoreAugmentedFaces */ = {
			isa = XCSwiftPackageProductDependency;
			package = 154F88192FBDE33C00C46EE4 /* XCRemoteSwiftPackageReference "arcore-ios-sdk" */;
			productName = ARCoreAugmentedFaces;
		};
		1532BCA32FD9E0F40070903A /* ARCoreCloudAnchors */ = {
			isa = XCSwiftPackageProductDependency;
			package = 154F88192FBDE33C00C46EE4 /* XCRemoteSwiftPackageReference "arcore-ios-sdk" */;
			productName = ARCoreCloudAnchors;
		};
		1532BCA52FD9E0F40070903A /* ARCoreGARSession */ = {
			isa = XCSwiftPackageProductDependency;
			package = 154F88192FBDE33C00C46EE4 /* XCRemoteSwiftPackageReference "arcore-ios-sdk" */;
			productName = ARCoreGARSession;
		};
		1532BCA72FD9E0F40070903A /* ARCoreGeospatial */ = {
			isa = XCSwiftPackageProductDependency;
			package = 154F88192FBDE33C00C46EE4 /* XCRemoteSwiftPackageReference "arcore-ios-sdk" */;
			productName = ARCoreGeospatial;
		};
		1532BCA92FD9E0F40070903A /* ARCoreSemantics */ = {
			isa = XCSwiftPackageProductDependency;
			package = 154F88192FBDE33C00C46EE4 /* XCRemoteSwiftPackageReference "arcore-ios-sdk" */;
			productName = ARCoreSemantics;
		};
/* End XCSwiftPackageProductDependency section */
	};
	rootObject = 15C5BE4B2DB9562300D36E75 /* Project object */;
}
